// !$*UTF8*$!
{
	archiveVersion = 1;
	classes = {
	};
	objectVersion = 56;
	objects = {

/* Begin PBXBuildFile section */
		1E12FA712B3F0D8D002040FD /* EntrySummaryView.swift in Sources */ = {isa = PBXBuildFile; fileRef = 1E12FA702B3F0D8D002040FD /* EntrySummaryView.swift */; };
		1E12FA732B3F110F002040FD /* FocusHelper.swift in Sources */ = {isa = PBXBuildFile; fileRef = 1E12FA722B3F110F002040FD /* FocusHelper.swift */; };
		1E12FA752B3F1315002040FD /* EntryFocusPopup.swift in Sources */ = {isa = PBXBuildFile; fileRef = 1E12FA742B3F1315002040FD /* EntryFocusPopup.swift */; };
		1E17FA102B52F75D0073792B /* AnimationHelper.swift in Sources */ = {isa = PBXBuildFile; fileRef = 1EFDB2F62B4209300011A0FF /* AnimationHelper.swift */; };
		1E6868EC2B917100000284F1 /* KeyPressHelper.swift in Sources */ = {isa = PBXBuildFile; fileRef = 1E6868EB2B917100000284F1 /* KeyPressHelper.swift */; };
		1E72DB972B7719FB00119154 /* DurationEditorView.swift in Sources */ = {isa = PBXBuildFile; fileRef = 1E72DB962B7719FB00119154 /* DurationEditorView.swift */; };
		1E78457B2B3CC2470049D31E /* DateHelper.swift in Sources */ = {isa = PBXBuildFile; fileRef = 1E78457A2B3CC2470049D31E /* DateHelper.swift */; };
		1E78457D2B3CCADE0049D31E /* Entry.swift in Sources */ = {isa = PBXBuildFile; fileRef = 1E78457C2B3CCADE0049D31E /* Entry.swift */; };
		1E8401C32AC3427A0034B181 /* logApp.swift in Sources */ = {isa = PBXBuildFile; fileRef = 1E8401C22AC3427A0034B181 /* logApp.swift */; };
		1E8401C52AC3427A0034B181 /* MainView.swift in Sources */ = {isa = PBXBuildFile; fileRef = 1E8401C42AC3427A0034B181 /* MainView.swift */; };
		1E8401C72AC3427B0034B181 /* Assets.xcassets in Resources */ = {isa = PBXBuildFile; fileRef = 1E8401C62AC3427B0034B181 /* Assets.xcassets */; };
		1E8401CB2AC3427B0034B181 /* Preview Assets.xcassets in Resources */ = {isa = PBXBuildFile; fileRef = 1E8401CA2AC3427B0034B181 /* Preview Assets.xcassets */; };
		1E8914002B479B0B005F1EC2 /* Categories.swift in Sources */ = {isa = PBXBuildFile; fileRef = 1E8913FF2B479B0B005F1EC2 /* Categories.swift */; };
		1EA2A9142B92527F000D2929 /* AppTimer.swift in Sources */ = {isa = PBXBuildFile; fileRef = 1EA2A9132B92527F000D2929 /* AppTimer.swift */; };
		1EC4A8FD2B1AA8D7003C26A5 /* StorageHelper.swift in Sources */ = {isa = PBXBuildFile; fileRef = 1EC4A8FC2B1AA8D7003C26A5 /* StorageHelper.swift */; };
/* End PBXBuildFile section */

/* Begin PBXFileReference section */
		1E12FA702B3F0D8D002040FD /* EntrySummaryView.swift */ = {isa = PBXFileReference; lastKnownFileType = sourcecode.swift; path = EntrySummaryView.swift; sourceTree = "<group>"; };
		1E12FA722B3F110F002040FD /* FocusHelper.swift */ = {isa = PBXFileReference; lastKnownFileType = sourcecode.swift; path = FocusHelper.swift; sourceTree = "<group>"; };
		1E12FA742B3F1315002040FD /* EntryFocusPopup.swift */ = {isa = PBXFileReference; lastKnownFileType = sourcecode.swift; path = EntryFocusPopup.swift; sourceTree = "<group>"; };
		1E6868EB2B917100000284F1 /* KeyPressHelper.swift */ = {isa = PBXFileReference; lastKnownFileType = sourcecode.swift; path = KeyPressHelper.swift; sourceTree = "<group>"; };
		1E72DB962B7719FB00119154 /* DurationEditorView.swift */ = {isa = PBXFileReference; lastKnownFileType = sourcecode.swift; path = DurationEditorView.swift; sourceTree = "<group>"; };
		1E78457A2B3CC2470049D31E /* DateHelper.swift */ = {isa = PBXFileReference; lastKnownFileType = sourcecode.swift; path = DateHelper.swift; sourceTree = "<group>"; };
		1E78457C2B3CCADE0049D31E /* Entry.swift */ = {isa = PBXFileReference; lastKnownFileType = sourcecode.swift; path = Entry.swift; sourceTree = "<group>"; };
		1E8401BF2AC3427A0034B181 /* log.app */ = {isa = PBXFileReference; explicitFileType = wrapper.application; includeInIndex = 0; path = log.app; sourceTree = BUILT_PRODUCTS_DIR; };
		1E8401C22AC3427A0034B181 /* logApp.swift */ = {isa = PBXFileReference; lastKnownFileType = sourcecode.swift; path = logApp.swift; sourceTree = "<group>"; };
		1E8401C42AC3427A0034B181 /* MainView.swift */ = {isa = PBXFileReference; lastKnownFileType = sourcecode.swift; path = MainView.swift; sourceTree = "<group>"; };
		1E8401C62AC3427B0034B181 /* Assets.xcassets */ = {isa = PBXFileReference; lastKnownFileType = folder.assetcatalog; path = Assets.xcassets; sourceTree = "<group>"; };
		1E8401C82AC3427B0034B181 /* log.entitlements */ = {isa = PBXFileReference; lastKnownFileType = text.plist.entitlements; path = log.entitlements; sourceTree = "<group>"; };
		1E8401CA2AC3427B0034B181 /* Preview Assets.xcassets */ = {isa = PBXFileReference; lastKnownFileType = folder.assetcatalog; path = "Preview Assets.xcassets"; sourceTree = "<group>"; };
		1E8913FF2B479B0B005F1EC2 /* Categories.swift */ = {isa = PBXFileReference; lastKnownFileType = sourcecode.swift; path = Categories.swift; sourceTree = "<group>"; };
		1EA2A9132B92527F000D2929 /* AppTimer.swift */ = {isa = PBXFileReference; lastKnownFileType = sourcecode.swift; path = AppTimer.swift; sourceTree = "<group>"; };
		1EBCAC962B1A9FEA0034CDD5 /* Info.plist */ = {isa = PBXFileReference; lastKnownFileType = text.plist; path = Info.plist; sourceTree = "<group>"; };
		1EC4A8FC2B1AA8D7003C26A5 /* StorageHelper.swift */ = {isa = PBXFileReference; lastKnownFileType = sourcecode.swift; path = StorageHelper.swift; sourceTree = "<group>"; };
		1EFDB2F62B4209300011A0FF /* AnimationHelper.swift */ = {isa = PBXFileReference; lastKnownFileType = sourcecode.swift; path = AnimationHelper.swift; sourceTree = "<group>"; };
/* End PBXFileReference section */

/* Begin PBXFrameworksBuildPhase section */
		1E8401BC2AC3427A0034B181 /* Frameworks */ = {
			isa = PBXFrameworksBuildPhase;
			buildActionMask = 2147483647;
			files = (
			);
			runOnlyForDeploymentPostprocessing = 0;
		};
/* End PBXFrameworksBuildPhase section */

/* Begin PBXGroup section */
		1E8401B62AC3427A0034B181 = {
			isa = PBXGroup;
			children = (
				1E8401C12AC3427A0034B181 /* log */,
				1E8401C02AC3427A0034B181 /* Products */,
			);
			sourceTree = "<group>";
		};
		1E8401C02AC3427A0034B181 /* Products */ = {
			isa = PBXGroup;
			children = (
				1E8401BF2AC3427A0034B181 /* log.app */,
			);
			name = Products;
			sourceTree = "<group>";
		};
		1E8401C12AC3427A0034B181 /* log */ = {
			isa = PBXGroup;
			children = (
				1EBCAC962B1A9FEA0034CDD5 /* Info.plist */,
				1E8401C22AC3427A0034B181 /* logApp.swift */,
				1E8401C42AC3427A0034B181 /* MainView.swift */,
				1E12FA702B3F0D8D002040FD /* EntrySummaryView.swift */,
				1E72DB962B7719FB00119154 /* DurationEditorView.swift */,
				1E12FA742B3F1315002040FD /* EntryFocusPopup.swift */,
				1E78457C2B3CCADE0049D31E /* Entry.swift */,
				1EC4A8FC2B1AA8D7003C26A5 /* StorageHelper.swift */,
				1EA2A9132B92527F000D2929 /* AppTimer.swift */,
				1E6868EB2B917100000284F1 /* KeyPressHelper.swift */,
				1E8913FF2B479B0B005F1EC2 /* Categories.swift */,
				1E78457A2B3CC2470049D31E /* DateHelper.swift */,
				1E12FA722B3F110F002040FD /* FocusHelper.swift */,
				1EFDB2F62B4209300011A0FF /* AnimationHelper.swift */,
				1E8401C62AC3427B0034B181 /* Assets.xcassets */,
				1E8401C82AC3427B0034B181 /* log.entitlements */,
				1E8401C92AC3427B0034B181 /* Preview Content */,
			);
			path = log;
			sourceTree = "<group>";
		};
		1E8401C92AC3427B0034B181 /* Preview Content */ = {
			isa = PBXGroup;
			children = (
				1E8401CA2AC3427B0034B181 /* Preview Assets.xcassets */,
			);
			path = "Preview Content";
			sourceTree = "<group>";
		};
/* End PBXGroup section */

/* Begin PBXNativeTarget section */
		1E8401BE2AC3427A0034B181 /* log */ = {
			isa = PBXNativeTarget;
			buildConfigurationList = 1E8401CE2AC3427B0034B181 /* Build configuration list for PBXNativeTarget "log" */;
			buildPhases = (
				1E8401BB2AC3427A0034B181 /* Sources */,
				1E8401BC2AC3427A0034B181 /* Frameworks */,
				1E8401BD2AC3427A0034B181 /* Resources */,
			);
			buildRules = (
			);
			dependencies = (
			);
			name = log;
			packageProductDependencies = (
			);
			productName = log;
			productReference = 1E8401BF2AC3427A0034B181 /* log.app */;
			productType = "com.apple.product-type.application";
		};
/* End PBXNativeTarget section */

/* Begin PBXProject section */
		1E8401B72AC3427A0034B181 /* Project object */ = {
			isa = PBXProject;
			attributes = {
				BuildIndependentTargetsInParallel = 1;
				LastSwiftUpdateCheck = 1500;
				LastUpgradeCheck = 1510;
				TargetAttributes = {
					1E8401BE2AC3427A0034B181 = {
						CreatedOnToolsVersion = 15.0;
					};
				};
			};
			buildConfigurationList = 1E8401BA2AC3427A0034B181 /* Build configuration list for PBXProject "log" */;
			compatibilityVersion = "Xcode 14.0";
			developmentRegion = en;
			hasScannedForEncodings = 0;
			knownRegions = (
				en,
				Base,
			);
			mainGroup = 1E8401B62AC3427A0034B181;
			packageReferences = (
			);
			productRefGroup = 1E8401C02AC3427A0034B181 /* Products */;
			projectDirPath = "";
			projectRoot = "";
			targets = (
				1E8401BE2AC3427A0034B181 /* log */,
			);
		};
/* End PBXProject section */

/* Begin PBXResourcesBuildPhase section */
		1E8401BD2AC3427A0034B181 /* Resources */ = {
			isa = PBXResourcesBuildPhase;
			buildActionMask = 2147483647;
			files = (
				1E8401CB2AC3427B0034B181 /* Preview Assets.xcassets in Resources */,
				1E8401C72AC3427B0034B181 /* Assets.xcassets in Resources */,
			);
			runOnlyForDeploymentPostprocessing = 0;
		};
/* End PBXResourcesBuildPhase section */

/* Begin PBXSourcesBuildPhase section */
		1E8401BB2AC3427A0034B181 /* Sources */ = {
			isa = PBXSourcesBuildPhase;
			buildActionMask = 2147483647;
			files = (
				1E12FA732B3F110F002040FD /* FocusHelper.swift in Sources */,
				1E78457D2B3CCADE0049D31E /* Entry.swift in Sources */,
				1E17FA102B52F75D0073792B /* AnimationHelper.swift in Sources */,
				1EA2A9142B92527F000D2929 /* AppTimer.swift in Sources */,
				1E8401C52AC3427A0034B181 /* MainView.swift in Sources */,
				1E12FA712B3F0D8D002040FD /* EntrySummaryView.swift in Sources */,
				1E12FA752B3F1315002040FD /* EntryFocusPopup.swift in Sources */,
				1E78457B2B3CC2470049D31E /* DateHelper.swift in Sources */,
				1E8914002B479B0B005F1EC2 /* Categories.swift in Sources */,
				1E8401C32AC3427A0034B181 /* logApp.swift in Sources */,
				1E6868EC2B917100000284F1 /* KeyPressHelper.swift in Sources */,
				1EC4A8FD2B1AA8D7003C26A5 /* StorageHelper.swift in Sources */,
				1E72DB972B7719FB00119154 /* DurationEditorView.swift in Sources */,
			);
			runOnlyForDeploymentPostprocessing = 0;
		};
/* End PBXSourcesBuildPhase section */

/* Begin XCBuildConfiguration section */
		1E8401CC2AC3427B0034B181 /* Debug */ = {
			isa = XCBuildConfiguration;
			buildSettings = {
				ALWAYS_SEARCH_USER_PATHS = NO;
				"ASSETCATALOG_COMPILER_APPICON_NAME[sdk=macosx*]" = AppIcon;
				ASSETCATALOG_COMPILER_GENERATE_SWIFT_ASSET_SYMBOL_EXTENSIONS = YES;
				CLANG_ANALYZER_NONNULL = YES;
				CLANG_ANALYZER_NUMBER_OBJECT_CONVERSION = YES_AGGRESSIVE;
				CLANG_CXX_LANGUAGE_STANDARD = "gnu++20";
				CLANG_ENABLE_MODULES = YES;
				CLANG_ENABLE_OBJC_ARC = YES;
				CLANG_ENABLE_OBJC_WEAK = YES;
				CLANG_WARN_BLOCK_CAPTURE_AUTORELEASING = YES;
				CLANG_WARN_BOOL_CONVERSION = YES;
				CLANG_WARN_COMMA = YES;
				CLANG_WARN_CONSTANT_CONVERSION = YES;
				CLANG_WARN_DEPRECATED_OBJC_IMPLEMENTATIONS = YES;
				CLANG_WARN_DIRECT_OBJC_ISA_USAGE = YES_ERROR;
				CLANG_WARN_DOCUMENTATION_COMMENTS = YES;
				CLANG_WARN_EMPTY_BODY = YES;
				CLANG_WARN_ENUM_CONVERSION = YES;
				CLANG_WARN_INFINITE_RECURSION = YES;
				CLANG_WARN_INT_CONVERSION = YES;
				CLANG_WARN_NON_LITERAL_NULL_CONVERSION = YES;
				CLANG_WARN_OBJC_IMPLICIT_RETAIN_SELF = YES;
				CLANG_WARN_OBJC_LITERAL_CONVERSION = YES;
				CLANG_WARN_OBJC_ROOT_CLASS = YES_ERROR;
				CLANG_WARN_QUOTED_INCLUDE_IN_FRAMEWORK_HEADER = YES;
				CLANG_WARN_RANGE_LOOP_ANALYSIS = YES;
				CLANG_WARN_STRICT_PROTOTYPES = YES;
				CLANG_WARN_SUSPICIOUS_MOVE = YES;
				CLANG_WARN_UNGUARDED_AVAILABILITY = YES_AGGRESSIVE;
				CLANG_WARN_UNREACHABLE_CODE = YES;
				CLANG_WARN__DUPLICATE_METHOD_MATCH = YES;
				COPY_PHASE_STRIP = NO;
				DEAD_CODE_STRIPPING = YES;
				DEBUG_INFORMATION_FORMAT = dwarf;
				ENABLE_STRICT_OBJC_MSGSEND = YES;
				ENABLE_TESTABILITY = YES;
				ENABLE_USER_SCRIPT_SANDBOXING = YES;
				GCC_C_LANGUAGE_STANDARD = gnu17;
				GCC_DYNAMIC_NO_PIC = NO;
				GCC_NO_COMMON_BLOCKS = YES;
				GCC_OPTIMIZATION_LEVEL = 0;
				GCC_PREPROCESSOR_DEFINITIONS = (
					"DEBUG=1",
					"$(inherited)",
				);
				GCC_WARN_64_TO_32_BIT_CONVERSION = YES;
				GCC_WARN_ABOUT_RETURN_TYPE = YES_ERROR;
				GCC_WARN_UNDECLARED_SELECTOR = YES;
				GCC_WARN_UNINITIALIZED_AUTOS = YES_AGGRESSIVE;
				GCC_WARN_UNUSED_FUNCTION = YES;
				GCC_WARN_UNUSED_VARIABLE = YES;
				IPHONEOS_DEPLOYMENT_TARGET = 17.0;
				LOCALIZATION_PREFERS_STRING_CATALOGS = YES;
				MACOSX_DEPLOYMENT_TARGET = 14.0;
				MTL_ENABLE_DEBUG_INFO = INCLUDE_SOURCE;
				MTL_FAST_MATH = YES;
				ONLY_ACTIVE_ARCH = YES;
				SWIFT_ACTIVE_COMPILATION_CONDITIONS = "DEBUG $(inherited)";
				SWIFT_OPTIMIZATION_LEVEL = "-Onone";
			};
			name = Debug;
		};
		1E8401CD2AC3427B0034B181 /* Release */ = {
			isa = XCBuildConfiguration;
			buildSettings = {
				ALWAYS_SEARCH_USER_PATHS = NO;
				ASSETCATALOG_COMPILER_GENERATE_SWIFT_ASSET_SYMBOL_EXTENSIONS = YES;
				CLANG_ANALYZER_NONNULL = YES;
				CLANG_ANALYZER_NUMBER_OBJECT_CONVERSION = YES_AGGRESSIVE;
				CLANG_CXX_LANGUAGE_STANDARD = "gnu++20";
				CLANG_ENABLE_MODULES = YES;
				CLANG_ENABLE_OBJC_ARC = YES;
				CLANG_ENABLE_OBJC_WEAK = YES;
				CLANG_WARN_BLOCK_CAPTURE_AUTORELEASING = YES;
				CLANG_WARN_BOOL_CONVERSION = YES;
				CLANG_WARN_COMMA = YES;
				CLANG_WARN_CONSTANT_CONVERSION = YES;
				CLANG_WARN_DEPRECATED_OBJC_IMPLEMENTATIONS = YES;
				CLANG_WARN_DIRECT_OBJC_ISA_USAGE = YES_ERROR;
				CLANG_WARN_DOCUMENTATION_COMMENTS = YES;
				CLANG_WARN_EMPTY_BODY = YES;
				CLANG_WARN_ENUM_CONVERSION = YES;
				CLANG_WARN_INFINITE_RECURSION = YES;
				CLANG_WARN_INT_CONVERSION = YES;
				CLANG_WARN_NON_LITERAL_NULL_CONVERSION = YES;
				CLANG_WARN_OBJC_IMPLICIT_RETAIN_SELF = YES;
				CLANG_WARN_OBJC_LITERAL_CONVERSION = YES;
				CLANG_WARN_OBJC_ROOT_CLASS = YES_ERROR;
				CLANG_WARN_QUOTED_INCLUDE_IN_FRAMEWORK_HEADER = YES;
				CLANG_WARN_RANGE_LOOP_ANALYSIS = YES;
				CLANG_WARN_STRICT_PROTOTYPES = YES;
				CLANG_WARN_SUSPICIOUS_MOVE = YES;
				CLANG_WARN_UNGUARDED_AVAILABILITY = YES_AGGRESSIVE;
				CLANG_WARN_UNREACHABLE_CODE = YES;
				CLANG_WARN__DUPLICATE_METHOD_MATCH = YES;
				COPY_PHASE_STRIP = NO;
				DEAD_CODE_STRIPPING = YES;
				DEBUG_INFORMATION_FORMAT = "dwarf-with-dsym";
				ENABLE_NS_ASSERTIONS = NO;
				ENABLE_STRICT_OBJC_MSGSEND = YES;
				ENABLE_USER_SCRIPT_SANDBOXING = YES;
				GCC_C_LANGUAGE_STANDARD = gnu17;
				GCC_NO_COMMON_BLOCKS = YES;
				GCC_WARN_64_TO_32_BIT_CONVERSION = YES;
				GCC_WARN_ABOUT_RETURN_TYPE = YES_ERROR;
				GCC_WARN_UNDECLARED_SELECTOR = YES;
				GCC_WARN_UNINITIALIZED_AUTOS = YES_AGGRESSIVE;
				GCC_WARN_UNUSED_FUNCTION = YES;
				GCC_WARN_UNUSED_VARIABLE = YES;
				IPHONEOS_DEPLOYMENT_TARGET = 17.0;
				LOCALIZATION_PREFERS_STRING_CATALOGS = YES;
				MACOSX_DEPLOYMENT_TARGET = 14.0;
				MTL_ENABLE_DEBUG_INFO = NO;
				MTL_FAST_MATH = YES;
				SWIFT_COMPILATION_MODE = wholemodule;
			};
			name = Release;
		};
		1E8401CF2AC3427B0034B181 /* Debug */ = {
			isa = XCBuildConfiguration;
			buildSettings = {
				ALLOW_TARGET_PLATFORM_SPECIALIZATION = YES;
				ASSETCATALOG_COMPILER_APPICON_NAME = AppIcon;
				"ASSETCATALOG_COMPILER_APPICON_NAME[sdk=iphoneos*]" = "AppIcon iOS";
				"ASSETCATALOG_COMPILER_APPICON_NAME[sdk=macosx*]" = "AppIcon macOS";
				ASSETCATALOG_COMPILER_GLOBAL_ACCENT_COLOR_NAME = AccentColor;
				CODE_SIGN_ENTITLEMENTS = log/log.entitlements;
				CODE_SIGN_STYLE = Automatic;
				CURRENT_PROJECT_VERSION = 8;
				DEAD_CODE_STRIPPING = YES;
				DEVELOPMENT_ASSET_PATHS = "\"log/Preview Content\"";
				DEVELOPMENT_TEAM = A44UN86BN6;
				ENABLE_HARDENED_RUNTIME = YES;
				ENABLE_PREVIEWS = YES;
				GENERATE_INFOPLIST_FILE = YES;
				INFOPLIST_FILE = log/Info.plist;
				INFOPLIST_KEY_CFBundleDisplayName = log;
				"INFOPLIST_KEY_UIApplicationSceneManifest_Generation[sdk=iphoneos*]" = YES;
				"INFOPLIST_KEY_UIApplicationSceneManifest_Generation[sdk=iphonesimulator*]" = YES;
				"INFOPLIST_KEY_UIApplicationSupportsIndirectInputEvents[sdk=iphoneos*]" = YES;
				"INFOPLIST_KEY_UIApplicationSupportsIndirectInputEvents[sdk=iphonesimulator*]" = YES;
				"INFOPLIST_KEY_UILaunchScreen_Generation[sdk=iphoneos*]" = YES;
				"INFOPLIST_KEY_UILaunchScreen_Generation[sdk=iphonesimulator*]" = YES;
				"INFOPLIST_KEY_UIStatusBarStyle[sdk=iphoneos*]" = UIStatusBarStyleDefault;
				"INFOPLIST_KEY_UIStatusBarStyle[sdk=iphonesimulator*]" = UIStatusBarStyleDefault;
				INFOPLIST_KEY_UISupportedInterfaceOrientations = UIInterfaceOrientationPortrait;
				INFOPLIST_KEY_UISupportedInterfaceOrientations_iPad = "UIInterfaceOrientationLandscapeLeft UIInterfaceOrientationLandscapeRight UIInterfaceOrientationPortrait UIInterfaceOrientationPortraitUpsideDown";
				IPHONEOS_DEPLOYMENT_TARGET = 17.0;
				LD_RUNPATH_SEARCH_PATHS = "@executable_path/Frameworks";
				"LD_RUNPATH_SEARCH_PATHS[sdk=macosx*]" = "@executable_path/../Frameworks";
				MACOSX_DEPLOYMENT_TARGET = 14.0;
				MARKETING_VERSION = 1.0.2;
				PRODUCT_BUNDLE_IDENTIFIER = chris.logapp;
				PRODUCT_NAME = "$(TARGET_NAME)";
				SDKROOT = auto;
				SUPPORTED_PLATFORMS = "iphoneos iphonesimulator macosx";
				SUPPORTS_MACCATALYST = NO;
				SWIFT_EMIT_LOC_STRINGS = YES;
				SWIFT_VERSION = 5.0;
				TARGETED_DEVICE_FAMILY = "1,2";
			};
			name = Debug;
		};
		1E8401D02AC3427B0034B181 /* Release */ = {
			isa = XCBuildConfiguration;
			buildSettings = {
				ALLOW_TARGET_PLATFORM_SPECIALIZATION = YES;
				ASSETCATALOG_COMPILER_APPICON_NAME = AppIcon;
				ASSETCATALOG_COMPILER_GLOBAL_ACCENT_COLOR_NAME = AccentColor;
				CODE_SIGN_ENTITLEMENTS = log/log.entitlements;
				CODE_SIGN_STYLE = Automatic;
				CURRENT_PROJECT_VERSION = 8;
				DEAD_CODE_STRIPPING = YES;
				DEVELOPMENT_ASSET_PATHS = "\"log/Preview Content\"";
				DEVELOPMENT_TEAM = A44UN86BN6;
				ENABLE_HARDENED_RUNTIME = YES;
				ENABLE_PREVIEWS = YES;
				GENERATE_INFOPLIST_FILE = YES;
				INFOPLIST_FILE = log/Info.plist;
				INFOPLIST_KEY_CFBundleDisplayName = log;
				"INFOPLIST_KEY_UIApplicationSceneManifest_Generation[sdk=iphoneos*]" = YES;
				"INFOPLIST_KEY_UIApplicationSceneManifest_Generation[sdk=iphonesimulator*]" = YES;
				"INFOPLIST_KEY_UIApplicationSupportsIndirectInputEvents[sdk=iphoneos*]" = YES;
				"INFOPLIST_KEY_UIApplicationSupportsIndirectInputEvents[sdk=iphonesimulator*]" = YES;
				"INFOPLIST_KEY_UILaunchScreen_Generation[sdk=iphoneos*]" = YES;
				"INFOPLIST_KEY_UILaunchScreen_Generation[sdk=iphonesimulator*]" = YES;
				"INFOPLIST_KEY_UIStatusBarStyle[sdk=iphoneos*]" = UIStatusBarStyleDefault;
				"INFOPLIST_KEY_UIStatusBarStyle[sdk=iphonesimulator*]" = UIStatusBarStyleDefault;
				INFOPLIST_KEY_UISupportedInterfaceOrientations = UIInterfaceOrientationPortrait;
				INFOPLIST_KEY_UISupportedInterfaceOrientations_iPad = "UIInterfaceOrientationLandscapeLeft UIInterfaceOrientationLandscapeRight UIInterfaceOrientationPortrait UIInterfaceOrientationPortraitUpsideDown";
				IPHONEOS_DEPLOYMENT_TARGET = 17.0;
				LD_RUNPATH_SEARCH_PATHS = "@executable_path/Frameworks";
				"LD_RUNPATH_SEARCH_PATHS[sdk=macosx*]" = "@executable_path/../Frameworks";
				MACOSX_DEPLOYMENT_TARGET = 14.0;
				MARKETING_VERSION = 1.0.2;
				PRODUCT_BUNDLE_IDENTIFIER = chris.logapp;
				PRODUCT_NAME = "$(TARGET_NAME)";
				SDKROOT = auto;
				SUPPORTED_PLATFORMS = "iphoneos iphonesimulator macosx";
				SUPPORTS_MACCATALYST = NO;
				SWIFT_EMIT_LOC_STRINGS = YES;
				SWIFT_VERSION = 5.0;
				TARGETED_DEVICE_FAMILY = "1,2";
			};
			name = Release;
		};
/* End XCBuildConfiguration section */

/* Begin XCConfigurationList section */
		1E8401BA2AC3427A0034B181 /* Build configuration list for PBXProject "log" */ = {
			isa = XCConfigurationList;
			buildConfigurations = (
				1E8401CC2AC3427B0034B181 /* Debug */,
				1E8401CD2AC3427B0034B181 /* Release */,
			);
			defaultConfigurationIsVisible = 0;
			defaultConfigurationName = Release;
		};
		1E8401CE2AC3427B0034B181 /* Build configuration list for PBXNativeTarget "log" */ = {
			isa = XCConfigurationList;
			buildConfigurations = (
				1E8401CF2AC3427B0034B181 /* Debug */,
				1E8401D02AC3427B0034B181 /* Release */,
			);
			defaultConfigurationIsVisible = 0;
			defaultConfigurationName = Release;
		};
/* End XCConfigurationList section */
	};
	rootObject = 1E8401B72AC3427A0034B181 /* Project object */;
}
